// !$*UTF8*$!
{
	archiveVersion = 1;
	classes = {
	};
	objectVersion = 46;
	objects = {

/* Begin PBXBuildFile section */
		478CAC951DC73CE200E9FA16 /* AppDelegate.swift in Sources */ = {isa = PBXBuildFile; fileRef = 478CAC941DC73CE200E9FA16 /* AppDelegate.swift */; };
		478CAC971DC73CE200E9FA16 /* ViewController.swift in Sources */ = {isa = PBXBuildFile; fileRef = 478CAC961DC73CE200E9FA16 /* ViewController.swift */; };
		478CAC9A1DC73CE300E9FA16 /* Main.storyboard in Resources */ = {isa = PBXBuildFile; fileRef = 478CAC981DC73CE300E9FA16 /* Main.storyboard */; };
		478CAC9C1DC73CE300E9FA16 /* Assets.xcassets in Resources */ = {isa = PBXBuildFile; fileRef = 478CAC9B1DC73CE300E9FA16 /* Assets.xcassets */; };
		478CAC9F1DC73CE300E9FA16 /* LaunchScreen.storyboard in Resources */ = {isa = PBXBuildFile; fileRef = 478CAC9D1DC73CE300E9FA16 /* LaunchScreen.storyboard */; };
/* End PBXBuildFile section */

/* Begin PBXFileReference section */
		478CAC911DC73CE200E9FA16 /* Touches_test.app */ = {isa = PBXFileReference; explicitFileType = wrapper.application; includeInIndex = 0; path = Touches_test.app; sourceTree = BUILT_PRODUCTS_DIR; };
		478CAC941DC73CE200E9FA16 /* AppDelegate.swift */ = {isa = PBXFileReference; lastKnownFileType = sourcecode.swift; path = AppDelegate.swift; sourceTree = "<group>"; };
		478CAC961DC73CE200E9FA16 /* ViewController.swift */ = {isa = PBXFileReference; lastKnownFileType = sourcecode.swift; path = ViewController.swift; sourceTree = "<group>"; };
		478CAC991DC73CE300E9FA16 /* Base */ = {isa = PBXFileReference; lastKnownFileType = file.storyboard; name = Base; path = Base.lproj/Main.storyboard; sourceTree = "<group>"; };
		478CAC9B1DC73CE300E9FA16 /* Assets.xcassets */ = {isa = PBXFileReference; lastKnownFileType = folder.assetcatalog; path = Assets.xcassets; sourceTree = "<group>"; };
		478CAC9E1DC73CE300E9FA16 /* Base */ = {isa = PBXFileReference; lastKnownFileType = file.storyboard; name = Base; path = Base.lproj/LaunchScreen.storyboard; sourceTree = "<group>"; };
		478CACA01DC73CE300E9FA16 /* Info.plist */ = {isa = PBXFileReference; lastKnownFileType = text.plist.xml; path = Info.plist; sourceTree = "<group>"; };
/* End PBXFileReference section */

/* Begin PBXFrameworksBuildPhase section */
		478CAC8E1DC73CE200E9FA16 /* Frameworks */ = {
			isa = PBXFrameworksBuildPhase;
			buildActionMask = 2147483647;
			files = (
			);
			runOnlyForDeploymentPostprocessing = 0;
		};
/* End PBXFrameworksBuildPhase section */

/* Begin PBXGroup section */
		478CAC881DC73CE200E9FA16 = {
			isa = PBXGroup;
			children = (
				478CAC931DC73CE200E9FA16 /* Touches_test */,
				478CAC921DC73CE200E9FA16 /* Products */,
			);
			sourceTree = "<group>";
		};
		478CAC921DC73CE200E9FA16 /* Products */ = {
			isa = PBXGroup;
			children = (
				478CAC911DC73CE200E9FA16 /* Touches_test.app */,
			);
			name = Products;
			sourceTree = "<group>";
		};
		478CAC931DC73CE200E9FA16 /* Touches_test */ = {
			isa = PBXGroup;
			children = (
				478CAC941DC73CE200E9FA16 /* AppDelegate.swift */,
				478CAC961DC73CE200E9FA16 /* ViewController.swift */,
				478CAC981DC73CE300E9FA16 /* Main.storyboard */,
				478CAC9B1DC73CE300E9FA16 /* Assets.xcassets */,
				478CAC9D1DC73CE300E9FA16 /* LaunchScreen.storyboard */,
				478CACA01DC73CE300E9FA16 /* Info.plist */,
			);
			path = Touches_test;
			sourceTree = "<group>";
		};
/* End PBXGroup section */

/* Begin PBXNativeTarget section */
		478CAC901DC73CE200E9FA16 /* Touches_test */ = {
			isa = PBXNativeTarget;
			buildConfigurationList = 478CACA31DC73CE300E9FA16 /* Build configuration list for PBXNativeTarget "Touches_test" */;
			buildPhases = (
				478CAC8D1DC73CE200E9FA16 /* Sources */,
				478CAC8E1DC73CE200E9FA16 /* Frameworks */,
				478CAC8F1DC73CE200E9FA16 /* Resources */,
			);
			buildRules = (
			);
			dependencies = (
			);
			name = Touches_test;
			productName = Touches_test;
			productReference = 478CAC911DC73CE200E9FA16 /* Touches_test.app */;
			productType = "com.apple.product-type.application";
		};
/* End PBXNativeTarget section */

/* Begin PBXProject section */
		478CAC891DC73CE200E9FA16 /* Project object */ = {
			isa = PBXProject;
			attributes = {
				LastSwiftUpdateCheck = 0810;
				LastUpgradeCheck = 0810;
				ORGANIZATIONNAME = "汪宇豪";
				TargetAttributes = {
					478CAC901DC73CE200E9FA16 = {
						CreatedOnToolsVersion = 8.1;
						DevelopmentTeam = UHREVQ5FVS;
						ProvisioningStyle = Automatic;
					};
				};
			};
			buildConfigurationList = 478CAC8C1DC73CE200E9FA16 /* Build configuration list for PBXProject "Touches_test" */;
			compatibilityVersion = "Xcode 3.2";
			developmentRegion = English;
			hasScannedForEncodings = 0;
			knownRegions = (
				en,
				Base,
			);
			mainGroup = 478CAC881DC73CE200E9FA16;
			productRefGroup = 478CAC921DC73CE200E9FA16 /* Products */;
			projectDirPath = "";
			projectRoot = "";
			targets = (
				478CAC901DC73CE200E9FA16 /* Touches_test */,
			);
		};
/* End PBXProject section */

/* Begin PBXResourcesBuildPhase section */
		478CAC8F1DC73CE200E9FA16 /* Resources */ = {
			isa = PBXResourcesBuildPhase;
			buildActionMask = 2147483647;
			files = (
				478CAC9F1DC73CE300E9FA16 /* LaunchScreen.storyboard in Resources */,
				478CAC9C1DC73CE300E9FA16 /* Assets.xcassets in Resources */,
				478CAC9A1DC73CE300E9FA16 /* Main.storyboard in Resources */,
			);
			runOnlyForDeploymentPostprocessing = 0;
		};
/* End PBXResourcesBuildPhase section */

/* Begin PBXSourcesBuildPhase section */
		478CAC8D1DC73CE200E9FA16 /* Sources */ = {
			isa = PBXSourcesBuildPhase;
			buildActionMask = 2147483647;
			files = (
				478CAC971DC73CE200E9FA16 /* ViewController.swift in Sources */,
				478CAC951DC73CE200E9FA16 /* AppDelegate.swift in Sources */,
			);
			runOnlyForDeploymentPostprocessing = 0;
		};
/* End PBXSourcesBuildPhase section */

/* Begin PBXVariantGroup section */
		478CAC981DC73CE300E9FA16 /* Main.storyboard */ = {
			isa = PBXVariantGroup;
			children = (
				478CAC991DC73CE300E9FA16 /* Base */,
			);
			name = Main.storyboard;
			sourceTree = "<group>";
		};
		478CAC9D1DC73CE300E9FA16 /* LaunchScreen.storyboard */ = {
			isa = PBXVariantGroup;
			children = (
				478CAC9E1DC73CE300E9FA16 /* Base */,
			);
			name = LaunchScreen.storyboard;
			sourceTree = "<group>";
		};
/* End PBXVariantGroup section */

/* Begin XCBuildConfiguration section */
		478CACA11DC73CE300E9FA16 /* Debug */ = {
			isa = XCBuildConfiguration;
			buildSettings = {
				ALWAYS_SEARCH_USER_PATHS = NO;
				CLANG_ANALYZER_NONNULL = YES;
				CLANG_CXX_LANGUAGE_STANDARD = "gnu++0x";
				CLANG_CXX_LIBRARY = "libc++";
				CLANG_ENABLE_MODULES = YES;
				CLANG_ENABLE_OBJC_ARC = YES;
				CLANG_WARN_BOOL_CONVERSION = YES;
				CLANG_WARN_CONSTANT_CONVERSION = YES;
				CLANG_WARN_DIRECT_OBJC_ISA_USAGE = YES_ERROR;
				CLANG_WARN_DOCUMENTATION_COMMENTS = YES;
				CLANG_WARN_EMPTY_BODY = YES;
				CLANG_WARN_ENUM_CONVERSION = YES;
				CLANG_WARN_INFINITE_RECURSION = YES;
				CLANG_WARN_INT_CONVERSION = YES;
				CLANG_WARN_OBJC_ROOT_CLASS = YES_ERROR;
				CLANG_WARN_SUSPICIOUS_MOVES = YES;
				CLANG_WARN_UNREACHABLE_CODE = YES;
				CLANG_WARN__DUPLICATE_METHOD_MATCH = YES;
				"CODE_SIGN_IDENTITY[sdk=iphoneos*]" = "iPhone Developer";
				COPY_PHASE_STRIP = NO;
				DEBUG_INFORMATION_FORMAT = dwarf;
				ENABLE_STRICT_OBJC_MSGSEND = YES;
				ENABLE_TESTABILITY = YES;
				GCC_C_LANGUAGE_STANDARD = gnu99;
				GCC_DYNAMIC_NO_PIC = NO;
				GCC_NO_COMMON_BLOCKS = YES;
				GCC_OPTIMIZATION_LEVEL = 0;
				GCC_PREPROCESSOR_DEFINITIONS = (
					"DEBUG=1",
					"$(inherited)",
				);
				GCC_WARN_64_TO_32_BIT_CONVERSION = YES;
				GCC_WARN_ABOUT_RETURN_TYPE = YES_ERROR;
				GCC_WARN_UNDECLARED_SELECTOR = YES;
				GCC_WARN_UNINITIALIZED_AUTOS = YES_AGGRESSIVE;
				GCC_WARN_UNUSED_FUNCTION = YES;
				GCC_WARN_UNUSED_VARIABLE = YES;
				IPHONEOS_DEPLOYMENT_TARGET = 10.1;
				MTL_ENABLE_DEBUG_INFO = YES;
				ONLY_ACTIVE_ARCH = YES;
				SDKROOT = iphoneos;
				SWIFT_ACTIVE_COMPILATION_CONDITIONS = DEBUG;
				SWIFT_OPTIMIZATION_LEVEL = "-Onone";
			};
			name = Debug;
		};
		478CACA21DC73CE300E9FA16 /* Release */ = {
			isa = XCBuildConfiguration;
			buildSettings = {
				ALWAYS_SEARCH_USER_PATHS = NO;
				CLANG_ANALYZER_NONNULL = YES;
				CLANG_CXX_LANGUAGE_STANDARD = "gnu++0x";
				CLANG_CXX_LIBRARY = "libc++";
				CLANG_ENABLE_MODULES = YES;
				CLANG_ENABLE_OBJC_ARC = YES;
				CLANG_WARN_BOOL_CONVERSION = YES;
				CLANG_WARN_CONSTANT_CONVERSION = YES;
				CLANG_WARN_DIRECT_OBJC_ISA_USAGE = YES_ERROR;
				CLANG_WARN_DOCUMENTATION_COMMENTS = YES;
				CLANG_WARN_EMPTY_BODY = YES;
				CLANG_WARN_ENUM_CONVERSION = YES;
				CLANG_WARN_INFINITE_RECURSION = YES;
				CLANG_WARN_INT_CONVERSION = YES;
				CLANG_WARN_OBJC_ROOT_CLASS = YES_ERROR;
				CLANG_WARN_SUSPICIOUS_MOVES = YES;
				CLANG_WARN_UNREACHABLE_CODE = YES;
				CLANG_WARN__DUPLICATE_METHOD_MATCH = YES;
				"CODE_SIGN_IDENTITY[sdk=iphoneos*]" = "iPhone Developer";
				COPY_PHASE_STRIP = NO;
				DEBUG_INFORMATION_FORMAT = "dwarf-with-dsym";
				ENABLE_NS_ASSERTIONS = NO;
				ENABLE_STRICT_OBJC_MSGSEND = YES;
				GCC_C_LANGUAGE_STANDARD = gnu99;
				GCC_NO_COMMON_BLOCKS = YES;
				GCC_WARN_64_TO_32_BIT_CONVERSION = YES;
				GCC_WARN_ABOUT_RETURN_TYPE = YES_ERROR;
				GCC_WARN_UNDECLARED_SELECTOR = YES;
				GCC_WARN_UNINITIALIZED_AUTOS = YES_AGGRESSIVE;
				GCC_WARN_UNUSED_FUNCTION = YES;
				GCC_WARN_UNUSED_VARIABLE = YES;
				IPHONEOS_DEPLOYMENT_TARGET = 10.1;
				MTL_ENABLE_DEBUG_INFO = NO;
				SDKROOT = iphoneos;
				SWIFT_OPTIMIZATION_LEVEL = "-Owholemodule";
				VALIDATE_PRODUCT = YES;
			};
			name = Release;
		};
		478CACA41DC73CE300E9FA16 /* Debug */ = {
			isa = XCBuildConfiguration;
			buildSettings = {
				ASSETCATALOG_COMPILER_APPICON_NAME = AppIcon;
				DEVELOPMENT_TEAM = UHREVQ5FVS;
				INFOPLIST_FILE = Touches_test/Info.plist;
				LD_RUNPATH_SEARCH_PATHS = "$(inherited) @executable_path/Frameworks";
				PRODUCT_BUNDLE_IDENTIFIER = "wang.Touches-test";
				PRODUCT_NAME = "$(TARGET_NAME)";
				SWIFT_VERSION = 3.0;
			};
			name = Debug;
		};
		478CACA51DC73CE300E9FA16 /* Release */ = {
			isa = XCBuildConfiguration;
			buildSettings = {
				ASSETCATALOG_COMPILER_APPICON_NAME = AppIcon;
				DEVELOPMENT_TEAM = UHREVQ5FVS;
				INFOPLIST_FILE = Touches_test/Info.plist;
				LD_RUNPATH_SEARCH_PATHS = "$(inherited) @executable_path/Frameworks";
				PRODUCT_BUNDLE_IDENTIFIER = "wang.Touches-test";
				PRODUCT_NAME = "$(TARGET_NAME)";
				SWIFT_VERSION = 3.0;
			};
			name = Release;
		};
/* End XCBuildConfiguration section */

/* Begin XCConfigurationList section */
		478CAC8C1DC73CE200E9FA16 /* Build configuration list for PBXProject "Touches_test" */ = {
			isa = XCConfigurationList;
			buildConfigurations = (
				478CACA11DC73CE300E9FA16 /* Debug */,
				478CACA21DC73CE300E9FA16 /* Release */,
			);
			defaultConfigurationIsVisible = 0;
			defaultConfigurationName = Release;
		};
		478CACA31DC73CE300E9FA16 /* Build configuration list for PBXNativeTarget "Touches_test" */ = {
			isa = XCConfigurationList;
			buildConfigurations = (
				478CACA41DC73CE300E9FA16 /* Debug */,
				478CACA51DC73CE300E9FA16 /* Release */,
			);
			defaultConfigurationIsVisible = 0;
		};
/* End XCConfigurationList section */
	};
	rootObject = 478CAC891DC73CE200E9FA16 /* Project object */;
}
